
Microsoft Visual Studio Solution File, Format Version 12.00
# Visual Studio Version 16
VisualStudioVersion = 16.0.31424.327
MinimumVisualStudioVersion = 10.0.40219.1
Project("{FAE04EC0-301F-11D3-BF4B-00C04F79EFBC}") = "HELADERIA_CA", "HELADERIA_CA\HELADERIA_CA.csproj", "{B45DDF44-B471-4FA6-8B18-F77768734E95}"
EndProject
Project("{FAE04EC0-301F-11D3-BF4B-00C04F79EFBC}") = "CapaNegocios", "CapaNegocios\CapaNegocios.csproj", "{FA7FDC40-54C1-468D-93AB-87D5AD8066CF}"
EndProject
Project("{FAE04EC0-301F-11D3-BF4B-00C04F79EFBC}") = "CapaDatos", "CapaDatos\CapaDatos.csproj", "{38407C42-9192-4AA9-B347-A41F12B87BAB}"
EndProject
Global
	GlobalSection(SolutionConfigurationPlatforms) = preSolution
		Debug|Any CPU = Debug|Any CPU
		Release|Any CPU = Release|Any CPU
	EndGlobalSection
	GlobalSection(ProjectConfigurationPlatforms) = postSolution
		{B45DDF44-B471-4FA6-8B18-F77768734E95}.Debug|Any CPU.ActiveCfg = Debug|Any CPU
		{B45DDF44-B471-4FA6-8B18-F77768734E95}.Debug|Any CPU.Build.0 = Debug|Any CPU
		{B45DDF44-B471-4FA6-8B18-F77768734E95}.Release|Any CPU.ActiveCfg = Release|Any CPU
		{B45DDF44-B471-4FA6-8B18-F77768734E95}.Release|Any CPU.Build.0 = Release|Any CPU
		{FA7FDC40-54C1-468D-93AB-87D5AD8066CF}.Debug|Any CPU.ActiveCfg = Debug|Any CPU
		{FA7FDC40-54C1-468D-93AB-87D5AD8066CF}.Debug|Any CPU.Build.0 = Debug|Any CPU
		{FA7FDC40-54C1-468D-93AB-87D5AD8066CF}.Release|Any CPU.ActiveCfg = Release|Any CPU
		{FA7FDC40-54C1-468D-93AB-87D5AD8066CF}.Release|Any CPU.Build.0 = Release|Any CPU
		{38407C42-9192-4AA9-B347-A41F12B87BAB}.Debug|Any CPU.ActiveCfg = Debug|Any CPU
		{38407C42-9192-4AA9-B347-A41F12B87BAB}.Debug|Any CPU.Build.0 = Debug|Any CPU
		{38407C42-9192-4AA9-B347-A41F12B87BAB}.Release|Any CPU.ActiveCfg = Release|Any CPU
		{38407C42-9192-4AA9-B347-A41F12B87BAB}.Release|Any CPU.Build.0 = Release|Any CPU
	EndGlobalSection
	GlobalSection(SolutionProperties) = preSolution
		HideSolutionNode = FALSE
	EndGlobalSection
	GlobalSection(ExtensibilityGlobals) = postSolution
		SolutionGuid = {9312194C-0F8C-4784-B0B7-259E7AA4CFE9}
	EndGlobalSection
EndGlobal
